lockfileVersion: '9.0'

settings:
  autoInstallPeers: true
  excludeLinksFromLockfile: false

importers:

  .:
    dependencies:
      '@persian-tools/persian-tools':
        specifier: ^3.5.2
        version: 3.6.0
      vue3-toastify:
        specifier: ^0.2.8
        version: 0.2.8

packages:

  '@persian-tools/persian-tools@3.6.0':
    resolution: {integrity: sha512-KR/z38NH4UzI2T9iYEhr3c6ERnpKFD+tfkH5VvklrMwqHe8HuHuaUJKCbGg+XKZL3N/tbpdmTl9l3XHGXWhogw==}
    engines: {node: '>=14', npm: '>=7.0.0'}

  fastest-levenshtein@1.0.16:
    resolution: {integrity: sha512-eRnCtTTtGZFpQCwhJiUOuxPQWRXVKYDn0b2PeHfXL6/Zi53SLAzAHfVhVWK2AryC/WH05kGfxhFIPvTF0SXQzg==}
    engines: {node: '>= 4.9.1'}

  vue3-toastify@0.2.8:
    resolution: {integrity: sha512-8jDOqsJaBZEbGpCbhWDETJc11D1lZefvgFPq/IPdM+U7+qyXoVPDvK6uq/FIgyV7qV0NcNzvGBMEzjsLQqGROw==}
    engines: {node: '>=20', npm: '>=9.0.0'}
    peerDependencies:
      vue: '>=3.2.0'
    peerDependenciesMeta:
      vue:
        optional: true

snapshots:

  '@persian-tools/persian-tools@3.6.0':
    dependencies:
      fastest-levenshtein: 1.0.16

  fastest-levenshtein@1.0.16: {}

  vue3-toastify@0.2.8: {}
